
Microsoft Visual Studio Solution File, Format Version 12.00
# Visual Studio Version 17
VisualStudioVersion = 17.0.31710.8
MinimumVisualStudioVersion = 10.0.40219.1
Project("{00D1A9C2-B5F0-4AF3-8072-F6C62B433612}") = "DatabaseTestDB", "DatabaseTestDB.sqlproj", "{0096CA5B-2B7D-483F-A28F-A8B8B2AA1EFE}"
EndProject
Project("{FAE04EC0-301F-11D3-BF4B-00C04F79EFBC}") = "CLRTextConvertEXT", "..\CLRTextConvertEXT\CLRTextConvertEXT.csproj", "{DDF3E13C-5FCB-4E23-B248-448F5AE5828B}"
EndProject
Global
	GlobalSection(SolutionConfigurationPlatforms) = preSolution
		Debug|Any CPU = Debug|Any CPU
		Release|Any CPU = Release|Any CPU
	EndGlobalSection
	GlobalSection(ProjectConfigurationPlatforms) = postSolution
		{0096CA5B-2B7D-483F-A28F-A8B8B2AA1EFE}.Debug|Any CPU.ActiveCfg = Debug|Any CPU
		{0096CA5B-2B7D-483F-A28F-A8B8B2AA1EFE}.Debug|Any CPU.Build.0 = Debug|Any CPU
		{0096CA5B-2B7D-483F-A28F-A8B8B2AA1EFE}.Debug|Any CPU.Deploy.0 = Debug|Any CPU
		{0096CA5B-2B7D-483F-A28F-A8B8B2AA1EFE}.Release|Any CPU.ActiveCfg = Release|Any CPU
		{0096CA5B-2B7D-483F-A28F-A8B8B2AA1EFE}.Release|Any CPU.Build.0 = Release|Any CPU
		{0096CA5B-2B7D-483F-A28F-A8B8B2AA1EFE}.Release|Any CPU.Deploy.0 = Release|Any CPU
		{DDF3E13C-5FCB-4E23-B248-448F5AE5828B}.Debug|Any CPU.ActiveCfg = Debug|Any CPU
		{DDF3E13C-5FCB-4E23-B248-448F5AE5828B}.Debug|Any CPU.Build.0 = Debug|Any CPU
		{DDF3E13C-5FCB-4E23-B248-448F5AE5828B}.Release|Any CPU.ActiveCfg = Release|Any CPU
		{DDF3E13C-5FCB-4E23-B248-448F5AE5828B}.Release|Any CPU.Build.0 = Release|Any CPU
	EndGlobalSection
	GlobalSection(SolutionProperties) = preSolution
		HideSolutionNode = FALSE
	EndGlobalSection
	GlobalSection(ExtensibilityGlobals) = postSolution
		SolutionGuid = {0E0BCDA8-E797-44CD-B451-AFB4F80528C3}
	EndGlobalSection
EndGlobal
